
Microsoft Visual Studio Solution File, Format Version 12.00
# Visual Studio 15
Project("{FAE04EC0-301F-11D3-BF4B-00C04F79EFBC}") = "Assembly-CSharp", "Assembly-CSharp.csproj", "{60481DAC-D24C-0779-D585-EB5FA7123351}"
EndProject
Project("{FAE04EC0-301F-11D3-BF4B-00C04F79EFBC}") = "Assembly-CSharp-firstpass", "Assembly-CSharp-firstpass.csproj", "{06CE8AF4-E570-7A70-BE42-241BC669807B}"
EndProject
Project("{FAE04EC0-301F-11D3-BF4B-00C04F79EFBC}") = "Assembly-CSharp-Editor", "Assembly-CSharp-Editor.csproj", "{2EBCEA87-3CCB-3F6B-B0A0-63DE856C3777}"
EndProject
Project("{FAE04EC0-301F-11D3-BF4B-00C04F79EFBC}") = "Assembly-CSharp-Editor-firstpass", "Assembly-CSharp-Editor-firstpass.csproj", "{F1D6101B-2EA2-95B2-0C93-3D1D91FF4E84}"
EndProject
Global
	GlobalSection(SolutionConfigurationPlatforms) = preSolution
		Debug|Any CPU = Debug|Any CPU
		Release|Any CPU = Release|Any CPU
	EndGlobalSection
	GlobalSection(ProjectConfigurationPlatforms) = postSolution
		{60481DAC-D24C-0779-D585-EB5FA7123351}.Debug|Any CPU.ActiveCfg = Debug|Any CPU
		{60481DAC-D24C-0779-D585-EB5FA7123351}.Debug|Any CPU.Build.0 = Debug|Any CPU
		{60481DAC-D24C-0779-D585-EB5FA7123351}.Release|Any CPU.ActiveCfg = Release|Any CPU
		{60481DAC-D24C-0779-D585-EB5FA7123351}.Release|Any CPU.Build.0 = Release|Any CPU
		{06CE8AF4-E570-7A70-BE42-241BC669807B}.Debug|Any CPU.ActiveCfg = Debug|Any CPU
		{06CE8AF4-E570-7A70-BE42-241BC669807B}.Debug|Any CPU.Build.0 = Debug|Any CPU
		{06CE8AF4-E570-7A70-BE42-241BC669807B}.Release|Any CPU.ActiveCfg = Release|Any CPU
		{06CE8AF4-E570-7A70-BE42-241BC669807B}.Release|Any CPU.Build.0 = Release|Any CPU
		{2EBCEA87-3CCB-3F6B-B0A0-63DE856C3777}.Debug|Any CPU.ActiveCfg = Debug|Any CPU
		{2EBCEA87-3CCB-3F6B-B0A0-63DE856C3777}.Debug|Any CPU.Build.0 = Debug|Any CPU
		{2EBCEA87-3CCB-3F6B-B0A0-63DE856C3777}.Release|Any CPU.ActiveCfg = Release|Any CPU
		{2EBCEA87-3CCB-3F6B-B0A0-63DE856C3777}.Release|Any CPU.Build.0 = Release|Any CPU
		{F1D6101B-2EA2-95B2-0C93-3D1D91FF4E84}.Debug|Any CPU.ActiveCfg = Debug|Any CPU
		{F1D6101B-2EA2-95B2-0C93-3D1D91FF4E84}.Debug|Any CPU.Build.0 = Debug|Any CPU
		{F1D6101B-2EA2-95B2-0C93-3D1D91FF4E84}.Release|Any CPU.ActiveCfg = Release|Any CPU
		{F1D6101B-2EA2-95B2-0C93-3D1D91FF4E84}.Release|Any CPU.Build.0 = Release|Any CPU
	EndGlobalSection
	GlobalSection(SolutionProperties) = preSolution
		HideSolutionNode = FALSE
	EndGlobalSection
EndGlobal
